
Microsoft Visual Studio Solution File, Format Version 12.00
# Visual Studio Version 17
VisualStudioVersion = 17.8.34330.188
MinimumVisualStudioVersion = 10.0.40219.1
Project("{9A19103F-16F7-4668-BE54-9A1E7A4F7556}") = "xfsz4.x_Demo5", "xfsz4.x_Demo5\xfsz4.x_Demo5.csproj", "{B5330095-53EE-4199-97C8-9ABCBE695E1C}"
EndProject
Project("{9A19103F-16F7-4668-BE54-9A1E7A4F7556}") = "xfsz_xml", "xfsz_xml\xfsz_xml.csproj", "{90325C3D-D45A-4422-86CB-95DD895CB04B}"
EndProject
Project("{9A19103F-16F7-4668-BE54-9A1E7A4F7556}") = "xfsz_Core", "xfsz_Core\xfsz_Core.csproj", "{00173AD4-E6AA-4D72-A856-027CB4191DE5}"
EndProject
Project("{9A19103F-16F7-4668-BE54-9A1E7A4F7556}") = "xfsz_Log", "xfsz_Log\xfsz_Log.csproj", "{EC33FD9A-9033-4C9C-8238-BC6F7579BD33}"
EndProject
Project("{2150E333-8FDC-42A3-9474-1A3956D46DE8}") = "Addon", "Addon", "{FE8D0B1E-9A38-4DDA-9F2A-4BB7F7DF3FF7}"
EndProject
Project("{FAE04EC0-301F-11D3-BF4B-00C04F79EFBC}") = "fc_AddonsCore", "fc_AddonsCore\fc_AddonsCore.csproj", "{AB512356-EECA-4D1F-87CB-7ACBF15CECD0}"
EndProject
Project("{FAE04EC0-301F-11D3-BF4B-00C04F79EFBC}") = "fc_Addons", "fc_Addons\fc_Addons.csproj", "{A4660385-A630-4BF6-BC55-FB7C98BFC738}"
EndProject
Project("{FAE04EC0-301F-11D3-BF4B-00C04F79EFBC}") = "xfsz_AddonsClockWindow", "xfsz_AddonsClockWindow\xfsz_AddonsClockWindow.csproj", "{8CE15D7D-9A29-423D-BAD9-671C6801F586}"
EndProject
Global
	GlobalSection(SolutionConfigurationPlatforms) = preSolution
		Debug|Any CPU = Debug|Any CPU
		Debug|x64 = Debug|x64
		Debug|x86 = Debug|x86
		Release|Any CPU = Release|Any CPU
		Release|x64 = Release|x64
		Release|x86 = Release|x86
	EndGlobalSection
	GlobalSection(ProjectConfigurationPlatforms) = postSolution
		{B5330095-53EE-4199-97C8-9ABCBE695E1C}.Debug|Any CPU.ActiveCfg = Debug|Any CPU
		{B5330095-53EE-4199-97C8-9ABCBE695E1C}.Debug|Any CPU.Build.0 = Debug|Any CPU
		{B5330095-53EE-4199-97C8-9ABCBE695E1C}.Debug|x64.ActiveCfg = Debug|x64
		{B5330095-53EE-4199-97C8-9ABCBE695E1C}.Debug|x64.Build.0 = Debug|x64
		{B5330095-53EE-4199-97C8-9ABCBE695E1C}.Debug|x86.ActiveCfg = Debug|Any CPU
		{B5330095-53EE-4199-97C8-9ABCBE695E1C}.Debug|x86.Build.0 = Debug|Any CPU
		{B5330095-53EE-4199-97C8-9ABCBE695E1C}.Release|Any CPU.ActiveCfg = Release|Any CPU
		{B5330095-53EE-4199-97C8-9ABCBE695E1C}.Release|Any CPU.Build.0 = Release|Any CPU
		{B5330095-53EE-4199-97C8-9ABCBE695E1C}.Release|x64.ActiveCfg = Release|x64
		{B5330095-53EE-4199-97C8-9ABCBE695E1C}.Release|x64.Build.0 = Release|x64
		{B5330095-53EE-4199-97C8-9ABCBE695E1C}.Release|x86.ActiveCfg = Release|x86
		{B5330095-53EE-4199-97C8-9ABCBE695E1C}.Release|x86.Build.0 = Release|x86
		{90325C3D-D45A-4422-86CB-95DD895CB04B}.Debug|Any CPU.ActiveCfg = Debug|Any CPU
		{90325C3D-D45A-4422-86CB-95DD895CB04B}.Debug|Any CPU.Build.0 = Debug|Any CPU
		{90325C3D-D45A-4422-86CB-95DD895CB04B}.Debug|x64.ActiveCfg = Debug|Any CPU
		{90325C3D-D45A-4422-86CB-95DD895CB04B}.Debug|x64.Build.0 = Debug|Any CPU
		{90325C3D-D45A-4422-86CB-95DD895CB04B}.Debug|x86.ActiveCfg = Debug|Any CPU
		{90325C3D-D45A-4422-86CB-95DD895CB04B}.Debug|x86.Build.0 = Debug|Any CPU
		{90325C3D-D45A-4422-86CB-95DD895CB04B}.Release|Any CPU.ActiveCfg = Release|Any CPU
		{90325C3D-D45A-4422-86CB-95DD895CB04B}.Release|Any CPU.Build.0 = Release|Any CPU
		{90325C3D-D45A-4422-86CB-95DD895CB04B}.Release|x64.ActiveCfg = Release|Any CPU
		{90325C3D-D45A-4422-86CB-95DD895CB04B}.Release|x64.Build.0 = Release|Any CPU
		{90325C3D-D45A-4422-86CB-95DD895CB04B}.Release|x86.ActiveCfg = Release|Any CPU
		{90325C3D-D45A-4422-86CB-95DD895CB04B}.Release|x86.Build.0 = Release|Any CPU
		{00173AD4-E6AA-4D72-A856-027CB4191DE5}.Debug|Any CPU.ActiveCfg = Debug|Any CPU
		{00173AD4-E6AA-4D72-A856-027CB4191DE5}.Debug|Any CPU.Build.0 = Debug|Any CPU
		{00173AD4-E6AA-4D72-A856-027CB4191DE5}.Debug|x64.ActiveCfg = Debug|Any CPU
		{00173AD4-E6AA-4D72-A856-027CB4191DE5}.Debug|x64.Build.0 = Debug|Any CPU
		{00173AD4-E6AA-4D72-A856-027CB4191DE5}.Debug|x86.ActiveCfg = Debug|Any CPU
		{00173AD4-E6AA-4D72-A856-027CB4191DE5}.Debug|x86.Build.0 = Debug|Any CPU
		{00173AD4-E6AA-4D72-A856-027CB4191DE5}.Release|Any CPU.ActiveCfg = Release|Any CPU
		{00173AD4-E6AA-4D72-A856-027CB4191DE5}.Release|Any CPU.Build.0 = Release|Any CPU
		{00173AD4-E6AA-4D72-A856-027CB4191DE5}.Release|x64.ActiveCfg = Release|Any CPU
		{00173AD4-E6AA-4D72-A856-027CB4191DE5}.Release|x64.Build.0 = Release|Any CPU
		{00173AD4-E6AA-4D72-A856-027CB4191DE5}.Release|x86.ActiveCfg = Release|Any CPU
		{00173AD4-E6AA-4D72-A856-027CB4191DE5}.Release|x86.Build.0 = Release|Any CPU
		{EC33FD9A-9033-4C9C-8238-BC6F7579BD33}.Debug|Any CPU.ActiveCfg = Debug|Any CPU
		{EC33FD9A-9033-4C9C-8238-BC6F7579BD33}.Debug|Any CPU.Build.0 = Debug|Any CPU
		{EC33FD9A-9033-4C9C-8238-BC6F7579BD33}.Debug|x64.ActiveCfg = Debug|Any CPU
		{EC33FD9A-9033-4C9C-8238-BC6F7579BD33}.Debug|x64.Build.0 = Debug|Any CPU
		{EC33FD9A-9033-4C9C-8238-BC6F7579BD33}.Debug|x86.ActiveCfg = Debug|Any CPU
		{EC33FD9A-9033-4C9C-8238-BC6F7579BD33}.Debug|x86.Build.0 = Debug|Any CPU
		{EC33FD9A-9033-4C9C-8238-BC6F7579BD33}.Release|Any CPU.ActiveCfg = Release|Any CPU
		{EC33FD9A-9033-4C9C-8238-BC6F7579BD33}.Release|Any CPU.Build.0 = Release|Any CPU
		{EC33FD9A-9033-4C9C-8238-BC6F7579BD33}.Release|x64.ActiveCfg = Release|Any CPU
		{EC33FD9A-9033-4C9C-8238-BC6F7579BD33}.Release|x64.Build.0 = Release|Any CPU
		{EC33FD9A-9033-4C9C-8238-BC6F7579BD33}.Release|x86.ActiveCfg = Release|Any CPU
		{EC33FD9A-9033-4C9C-8238-BC6F7579BD33}.Release|x86.Build.0 = Release|Any CPU
		{AB512356-EECA-4D1F-87CB-7ACBF15CECD0}.Debug|Any CPU.ActiveCfg = Debug|Any CPU
		{AB512356-EECA-4D1F-87CB-7ACBF15CECD0}.Debug|Any CPU.Build.0 = Debug|Any CPU
		{AB512356-EECA-4D1F-87CB-7ACBF15CECD0}.Debug|x64.ActiveCfg = Debug|Any CPU
		{AB512356-EECA-4D1F-87CB-7ACBF15CECD0}.Debug|x64.Build.0 = Debug|Any CPU
		{AB512356-EECA-4D1F-87CB-7ACBF15CECD0}.Debug|x86.ActiveCfg = Debug|Any CPU
		{AB512356-EECA-4D1F-87CB-7ACBF15CECD0}.Debug|x86.Build.0 = Debug|Any CPU
		{AB512356-EECA-4D1F-87CB-7ACBF15CECD0}.Release|Any CPU.ActiveCfg = Release|Any CPU
		{AB512356-EECA-4D1F-87CB-7ACBF15CECD0}.Release|Any CPU.Build.0 = Release|Any CPU
		{AB512356-EECA-4D1F-87CB-7ACBF15CECD0}.Release|x64.ActiveCfg = Release|Any CPU
		{AB512356-EECA-4D1F-87CB-7ACBF15CECD0}.Release|x64.Build.0 = Release|Any CPU
		{AB512356-EECA-4D1F-87CB-7ACBF15CECD0}.Release|x86.ActiveCfg = Release|Any CPU
		{AB512356-EECA-4D1F-87CB-7ACBF15CECD0}.Release|x86.Build.0 = Release|Any CPU
		{A4660385-A630-4BF6-BC55-FB7C98BFC738}.Debug|Any CPU.ActiveCfg = Debug|Any CPU
		{A4660385-A630-4BF6-BC55-FB7C98BFC738}.Debug|Any CPU.Build.0 = Debug|Any CPU
		{A4660385-A630-4BF6-BC55-FB7C98BFC738}.Debug|x64.ActiveCfg = Debug|Any CPU
		{A4660385-A630-4BF6-BC55-FB7C98BFC738}.Debug|x64.Build.0 = Debug|Any CPU
		{A4660385-A630-4BF6-BC55-FB7C98BFC738}.Debug|x86.ActiveCfg = Debug|Any CPU
		{A4660385-A630-4BF6-BC55-FB7C98BFC738}.Debug|x86.Build.0 = Debug|Any CPU
		{A4660385-A630-4BF6-BC55-FB7C98BFC738}.Release|Any CPU.ActiveCfg = Release|Any CPU
		{A4660385-A630-4BF6-BC55-FB7C98BFC738}.Release|Any CPU.Build.0 = Release|Any CPU
		{A4660385-A630-4BF6-BC55-FB7C98BFC738}.Release|x64.ActiveCfg = Release|Any CPU
		{A4660385-A630-4BF6-BC55-FB7C98BFC738}.Release|x64.Build.0 = Release|Any CPU
		{A4660385-A630-4BF6-BC55-FB7C98BFC738}.Release|x86.ActiveCfg = Release|Any CPU
		{A4660385-A630-4BF6-BC55-FB7C98BFC738}.Release|x86.Build.0 = Release|Any CPU
		{8CE15D7D-9A29-423D-BAD9-671C6801F586}.Debug|Any CPU.ActiveCfg = Debug|Any CPU
		{8CE15D7D-9A29-423D-BAD9-671C6801F586}.Debug|Any CPU.Build.0 = Debug|Any CPU
		{8CE15D7D-9A29-423D-BAD9-671C6801F586}.Debug|x64.ActiveCfg = Debug|Any CPU
		{8CE15D7D-9A29-423D-BAD9-671C6801F586}.Debug|x64.Build.0 = Debug|Any CPU
		{8CE15D7D-9A29-423D-BAD9-671C6801F586}.Debug|x86.ActiveCfg = Debug|Any CPU
		{8CE15D7D-9A29-423D-BAD9-671C6801F586}.Debug|x86.Build.0 = Debug|Any CPU
		{8CE15D7D-9A29-423D-BAD9-671C6801F586}.Release|Any CPU.ActiveCfg = Release|Any CPU
		{8CE15D7D-9A29-423D-BAD9-671C6801F586}.Release|Any CPU.Build.0 = Release|Any CPU
		{8CE15D7D-9A29-423D-BAD9-671C6801F586}.Release|x64.ActiveCfg = Release|Any CPU
		{8CE15D7D-9A29-423D-BAD9-671C6801F586}.Release|x64.Build.0 = Release|Any CPU
		{8CE15D7D-9A29-423D-BAD9-671C6801F586}.Release|x86.ActiveCfg = Release|Any CPU
		{8CE15D7D-9A29-423D-BAD9-671C6801F586}.Release|x86.Build.0 = Release|Any CPU
	EndGlobalSection
	GlobalSection(SolutionProperties) = preSolution
		HideSolutionNode = FALSE
	EndGlobalSection
	GlobalSection(NestedProjects) = preSolution
		{AB512356-EECA-4D1F-87CB-7ACBF15CECD0} = {FE8D0B1E-9A38-4DDA-9F2A-4BB7F7DF3FF7}
		{A4660385-A630-4BF6-BC55-FB7C98BFC738} = {FE8D0B1E-9A38-4DDA-9F2A-4BB7F7DF3FF7}
		{8CE15D7D-9A29-423D-BAD9-671C6801F586} = {FE8D0B1E-9A38-4DDA-9F2A-4BB7F7DF3FF7}
	EndGlobalSection
	GlobalSection(ExtensibilityGlobals) = postSolution
		SolutionGuid = {3C58016C-BC16-4EEE-A78D-FDD7AA946610}
	EndGlobalSection
EndGlobal
